
Microsoft Visual Studio Solution File, Format Version 12.00
# Visual Studio 15
VisualStudioVersion = 15.0.28307.1000
MinimumVisualStudioVersion = 10.0.40219.1
Project("{FAE04EC0-301F-11D3-BF4B-00C04F79EFBC}") = "AudioSpectrumOdev", "AudioSpectrumOdev\AudioSpectrumOdev.csproj", "{D7DC3E62-9F98-4A97-9E0F-C5802E33B5B8}"
EndProject
Global
	GlobalSection(SolutionConfigurationPlatforms) = preSolution
		Debug|Any CPU = Debug|Any CPU
		Release|Any CPU = Release|Any CPU
	EndGlobalSection
	GlobalSection(ProjectConfigurationPlatforms) = postSolution
		{D7DC3E62-9F98-4A97-9E0F-C5802E33B5B8}.Debug|Any CPU.ActiveCfg = Debug|Any CPU
		{D7DC3E62-9F98-4A97-9E0F-C5802E33B5B8}.Debug|Any CPU.Build.0 = Debug|Any CPU
		{D7DC3E62-9F98-4A97-9E0F-C5802E33B5B8}.Release|Any CPU.ActiveCfg = Release|Any CPU
		{D7DC3E62-9F98-4A97-9E0F-C5802E33B5B8}.Release|Any CPU.Build.0 = Release|Any CPU
	EndGlobalSection
	GlobalSection(SolutionProperties) = preSolution
		HideSolutionNode = FALSE
	EndGlobalSection
	GlobalSection(ExtensibilityGlobals) = postSolution
		SolutionGuid = {07605816-E0C1-4E12-831F-716F83871232}
	EndGlobalSection
EndGlobal
